
Microsoft Visual Studio Solution File, Format Version 12.00
# Visual Studio Version 17
VisualStudioVersion = 17.9.34728.123
MinimumVisualStudioVersion = 10.0.40219.1
Project("{FAE04EC0-301F-11D3-BF4B-00C04F79EFBC}") = "orientacao_objetos", "orientacao_objetos\orientacao_objetos.csproj", "{5306EED7-FF39-49BB-9DB4-95B1044A63B9}"
EndProject
Global
	GlobalSection(SolutionConfigurationPlatforms) = preSolution
		Debug|Any CPU = Debug|Any CPU
		Release|Any CPU = Release|Any CPU
	EndGlobalSection
	GlobalSection(ProjectConfigurationPlatforms) = postSolution
		{5306EED7-FF39-49BB-9DB4-95B1044A63B9}.Debug|Any CPU.ActiveCfg = Debug|Any CPU
		{5306EED7-FF39-49BB-9DB4-95B1044A63B9}.Debug|Any CPU.Build.0 = Debug|Any CPU
		{5306EED7-FF39-49BB-9DB4-95B1044A63B9}.Release|Any CPU.ActiveCfg = Release|Any CPU
		{5306EED7-FF39-49BB-9DB4-95B1044A63B9}.Release|Any CPU.Build.0 = Release|Any CPU
	EndGlobalSection
	GlobalSection(SolutionProperties) = preSolution
		HideSolutionNode = FALSE
	EndGlobalSection
	GlobalSection(ExtensibilityGlobals) = postSolution
		SolutionGuid = {585E5605-FFBA-467B-9414-BC1DD3DED569}
	EndGlobalSection
EndGlobal
